
Microsoft Visual Studio Solution File, Format Version 12.00
# Visual Studio Version 16
VisualStudioVersion = 16.0.30523.141
MinimumVisualStudioVersion = 10.0.40219.1
Project("{FAE04EC0-301F-11D3-BF4B-00C04F79EFBC}") = "PruebaUnitaria", "PruebaUnitaria.csproj", "{11875BA6-9F6D-4BE1-BC35-32CD3E1E90BA}"
EndProject
Global
	GlobalSection(SolutionConfigurationPlatforms) = preSolution
		Debug|Any CPU = Debug|Any CPU
		Release|Any CPU = Release|Any CPU
	EndGlobalSection
	GlobalSection(ProjectConfigurationPlatforms) = postSolution
		{11875BA6-9F6D-4BE1-BC35-32CD3E1E90BA}.Debug|Any CPU.ActiveCfg = Debug|Any CPU
		{11875BA6-9F6D-4BE1-BC35-32CD3E1E90BA}.Debug|Any CPU.Build.0 = Debug|Any CPU
		{11875BA6-9F6D-4BE1-BC35-32CD3E1E90BA}.Release|Any CPU.ActiveCfg = Release|Any CPU
		{11875BA6-9F6D-4BE1-BC35-32CD3E1E90BA}.Release|Any CPU.Build.0 = Release|Any CPU
	EndGlobalSection
	GlobalSection(SolutionProperties) = preSolution
		HideSolutionNode = FALSE
	EndGlobalSection
	GlobalSection(ExtensibilityGlobals) = postSolution
		SolutionGuid = {F474B61C-ED7E-4590-A517-EC1D39A8032E}
	EndGlobalSection
EndGlobal
